
Microsoft Visual Studio Solution File, Format Version 12.00
# Visual Studio Version 17
VisualStudioVersion = 17.0.31903.59
MinimumVisualStudioVersion = 10.0.40219.1
Project("{FAE04EC0-301F-11D3-BF4B-00C04F79EFBC}") = "destroyed-presence-api.Api", "destroyed-presence-api.Api\destroyed-presence-api.Api.csproj", "{A60FEE32-F6A1-4CB4-BDC2-B66772DC50D9}"
EndProject
Project("{FAE04EC0-301F-11D3-BF4B-00C04F79EFBC}") = "destroyed-presence-api.Domain", "destroyed-presence-api.Domain\destroyed-presence-api.Domain.csproj", "{885C8C68-7362-4804-AA25-C1D1171E478C}"
EndProject
Project("{FAE04EC0-301F-11D3-BF4B-00C04F79EFBC}") = "destroyed-presence-api.Data", "destroyed-presence-api.Data\destroyed-presence-api.Data.csproj", "{F04F0D4A-F52B-4000-B22D-EF6DCF1F5CF5}"
EndProject
Project("{FAE04EC0-301F-11D3-BF4B-00C04F79EFBC}") = "destroyed-presence-api", "destroyed-presence-api\destroyed-presence-api.csproj", "{C6295A9A-D08F-4633-96EB-FABB4935932D}"
EndProject
Project("{2150E333-8FDC-42A3-9474-1A3956D46DE8}") = "tests", "tests", "{7316F087-3BE0-4BFC-A681-B8895FA6D204}"
EndProject
Project("{FAE04EC0-301F-11D3-BF4B-00C04F79EFBC}") = "destroyed-presence-api.Domain.Tests", "tests\destroyed-presence-api.Domain.Tests\destroyed-presence-api.Domain.Tests.csproj", "{0F12CC89-A38E-449E-8F89-C92FA4D674DA}"
EndProject
Global
	GlobalSection(SolutionConfigurationPlatforms) = preSolution
		Debug|Any CPU = Debug|Any CPU
		Release|Any CPU = Release|Any CPU
	EndGlobalSection
	GlobalSection(SolutionProperties) = preSolution
		HideSolutionNode = FALSE
	EndGlobalSection
	GlobalSection(ProjectConfigurationPlatforms) = postSolution
		{A60FEE32-F6A1-4CB4-BDC2-B66772DC50D9}.Debug|Any CPU.ActiveCfg = Debug|Any CPU
		{A60FEE32-F6A1-4CB4-BDC2-B66772DC50D9}.Debug|Any CPU.Build.0 = Debug|Any CPU
		{A60FEE32-F6A1-4CB4-BDC2-B66772DC50D9}.Release|Any CPU.ActiveCfg = Release|Any CPU
		{A60FEE32-F6A1-4CB4-BDC2-B66772DC50D9}.Release|Any CPU.Build.0 = Release|Any CPU
		{885C8C68-7362-4804-AA25-C1D1171E478C}.Debug|Any CPU.ActiveCfg = Debug|Any CPU
		{885C8C68-7362-4804-AA25-C1D1171E478C}.Debug|Any CPU.Build.0 = Debug|Any CPU
		{885C8C68-7362-4804-AA25-C1D1171E478C}.Release|Any CPU.ActiveCfg = Release|Any CPU
		{885C8C68-7362-4804-AA25-C1D1171E478C}.Release|Any CPU.Build.0 = Release|Any CPU
		{F04F0D4A-F52B-4000-B22D-EF6DCF1F5CF5}.Debug|Any CPU.ActiveCfg = Debug|Any CPU
		{F04F0D4A-F52B-4000-B22D-EF6DCF1F5CF5}.Debug|Any CPU.Build.0 = Debug|Any CPU
		{F04F0D4A-F52B-4000-B22D-EF6DCF1F5CF5}.Release|Any CPU.ActiveCfg = Release|Any CPU
		{F04F0D4A-F52B-4000-B22D-EF6DCF1F5CF5}.Release|Any CPU.Build.0 = Release|Any CPU
		{C6295A9A-D08F-4633-96EB-FABB4935932D}.Debug|Any CPU.ActiveCfg = Debug|Any CPU
		{C6295A9A-D08F-4633-96EB-FABB4935932D}.Debug|Any CPU.Build.0 = Debug|Any CPU
		{C6295A9A-D08F-4633-96EB-FABB4935932D}.Release|Any CPU.ActiveCfg = Release|Any CPU
		{C6295A9A-D08F-4633-96EB-FABB4935932D}.Release|Any CPU.Build.0 = Release|Any CPU
		{0F12CC89-A38E-449E-8F89-C92FA4D674DA}.Debug|Any CPU.ActiveCfg = Debug|Any CPU
		{0F12CC89-A38E-449E-8F89-C92FA4D674DA}.Debug|Any CPU.Build.0 = Debug|Any CPU
		{0F12CC89-A38E-449E-8F89-C92FA4D674DA}.Release|Any CPU.ActiveCfg = Release|Any CPU
		{0F12CC89-A38E-449E-8F89-C92FA4D674DA}.Release|Any CPU.Build.0 = Release|Any CPU
	EndGlobalSection
	GlobalSection(NestedProjects) = preSolution
		{0F12CC89-A38E-449E-8F89-C92FA4D674DA} = {7316F087-3BE0-4BFC-A681-B8895FA6D204}
	EndGlobalSection
EndGlobal
